// !$*UTF8*$!
{
	archiveVersion = 1;
	classes = {
	};
	objectVersion = 56;
	objects = {

/* Begin PBXBuildFile section */
		049CC5812D7AEDB681497363 /* BerhotCafeApp.swift in Sources */ = {isa = PBXBuildFile; fileRef = 7120A4BB9D72F0A812D42D7A /* BerhotCafeApp.swift */; };
		66C97C293B5710CF4337D2C7 /* AppConfig.swift in Sources */ = {isa = PBXBuildFile; fileRef = 19F95E7A0584950F395FEEF7 /* AppConfig.swift */; };
		708B82FF5CCA1E701B6BDB8A /* Color+Brand.swift in Sources */ = {isa = PBXBuildFile; fileRef = 3F8A6F96CB89C4461128E2D0 /* Color+Brand.swift */; };
		8EF5B48E287B223C9CEF56CE /* Date+Formatting.swift in Sources */ = {isa = PBXBuildFile; fileRef = D56C02331C8765E9EBBA98E1 /* Date+Formatting.swift */; };
		9AD631C7C41C85EED6A2C6C2 /* Decimal+Currency.swift in Sources */ = {isa = PBXBuildFile; fileRef = B51361B6829A24AD762F9291 /* Decimal+Currency.swift */; };
		F6C4E90115075302704A2E49 /* AuthManager.swift in Sources */ = {isa = PBXBuildFile; fileRef = BF56E355846AF5BBE7C68955 /* AuthManager.swift */; };
		6EBE3C9867738E170179D96B /* CartManager.swift in Sources */ = {isa = PBXBuildFile; fileRef = C01C5E76C97377AB38043D73 /* CartManager.swift */; };
		F6246C46371EBFC65F48ECD3 /* LocationManager.swift in Sources */ = {isa = PBXBuildFile; fileRef = 09D933272BC73806D2BA1671 /* LocationManager.swift */; };
		643FEE1D7953D1452F8B4438 /* AuthResponse.swift in Sources */ = {isa = PBXBuildFile; fileRef = 2C244CCF02573C2FFB2C26B2 /* AuthResponse.swift */; };
		DDF687C3332B9DB36DACF070 /* CartItem.swift in Sources */ = {isa = PBXBuildFile; fileRef = 128A2914DDC395634B0786DF /* CartItem.swift */; };
		F7F376E94E03C8CAEE80FACB /* Category.swift in Sources */ = {isa = PBXBuildFile; fileRef = 9306D9EECCB4434BB0D555F2 /* Category.swift */; };
		63A48E08727E32260A25BD1E /* Modifier.swift in Sources */ = {isa = PBXBuildFile; fileRef = ABFEA942A7926E204F1892E6 /* Modifier.swift */; };
		795D6F9044583344576A23A0 /* Order.swift in Sources */ = {isa = PBXBuildFile; fileRef = E00358620586395B826B6605 /* Order.swift */; };
		46F7F3E5DD1B8C2E92AC9664 /* Payment.swift in Sources */ = {isa = PBXBuildFile; fileRef = 11AAA24FE5EFA833E1BBD26D /* Payment.swift */; };
		5461B0DC1615D05FA01ABA6D /* Product.swift in Sources */ = {isa = PBXBuildFile; fileRef = E259C3E24E4EF6392183BE96 /* Product.swift */; };
		B78FAF1E57B7A0420A573C5F /* Review.swift in Sources */ = {isa = PBXBuildFile; fileRef = ACB53486AEEF51CC9E4AB003 /* Review.swift */; };
		F525AB613F4BC576E5095EFB /* Store.swift in Sources */ = {isa = PBXBuildFile; fileRef = 2018CC3437D66DC27E40778E /* Store.swift */; };
		3AEF2BB9924F8FB21F56750C /* User.swift in Sources */ = {isa = PBXBuildFile; fileRef = 0BD37A55BD50BAA0D4308C70 /* User.swift */; };
		1CEA595B4C43C46542716515 /* APIClient.swift in Sources */ = {isa = PBXBuildFile; fileRef = C59FFCCA139C4697C8D64B82 /* APIClient.swift */; };
		1E729474EBA062A8F407711C /* AuthService.swift in Sources */ = {isa = PBXBuildFile; fileRef = C596E48379E27008DD3698BD /* AuthService.swift */; };
		11D0A46DF41CCAF0E5F6A53D /* ModifierService.swift in Sources */ = {isa = PBXBuildFile; fileRef = 80E82A92057D6102B5025CD8 /* ModifierService.swift */; };
		D869F3F48B7A3C933D4D046E /* OrderService.swift in Sources */ = {isa = PBXBuildFile; fileRef = EA54B5851B67C4DE0B9BFD5A /* OrderService.swift */; };
		F70FF0FB41AED23F6D33666E /* PaymentService.swift in Sources */ = {isa = PBXBuildFile; fileRef = 828244B76A02FECC6113EA17 /* PaymentService.swift */; };
		11E80D1577BC2C8B37747A9E /* ProductService.swift in Sources */ = {isa = PBXBuildFile; fileRef = 5AA4D447DE9144A918D54372 /* ProductService.swift */; };
		6EDB49824164439C8189D1B3 /* ReviewService.swift in Sources */ = {isa = PBXBuildFile; fileRef = 0584FC333FC6CB0311C7C06D /* ReviewService.swift */; };
		69A1DF7A1DCE28AD680FD0EE /* StoreService.swift in Sources */ = {isa = PBXBuildFile; fileRef = 3F0807B6CA321B6B498F8D2B /* StoreService.swift */; };
		3B4606645C91BE9C413502F3 /* UserService.swift in Sources */ = {isa = PBXBuildFile; fileRef = E31A706A2D5DD3A7E2FED705 /* UserService.swift */; };
		214C3EF5D682EE4738E231E4 /* KeychainHelper.swift in Sources */ = {isa = PBXBuildFile; fileRef = F61493CE9A25699DD55794A7 /* KeychainHelper.swift */; };
		EB60C02B099791DDB6423F76 /* AuthViewModel.swift in Sources */ = {isa = PBXBuildFile; fileRef = 6D87A9F97AF01D20885094A5 /* AuthViewModel.swift */; };
		D9BC22828883404AFF664B3B /* CartViewModel.swift in Sources */ = {isa = PBXBuildFile; fileRef = 6C6C93A26F2AA0EED80E3260 /* CartViewModel.swift */; };
		1E57538D65154C34FE4D01E5 /* MenuViewModel.swift in Sources */ = {isa = PBXBuildFile; fileRef = AB84DA9B71BA757361B67686 /* MenuViewModel.swift */; };
		48F15E96A2B54C8383605AE1 /* OrderDetailViewModel.swift in Sources */ = {isa = PBXBuildFile; fileRef = 59F6291D85FACE95054A51FB /* OrderDetailViewModel.swift */; };
		61708B7FA558506AC165E8C7 /* OrderHistoryViewModel.swift in Sources */ = {isa = PBXBuildFile; fileRef = F415E88D240F8905BC4EDF88 /* OrderHistoryViewModel.swift */; };
		F4C83BC4E7E245C82F8BFFFD /* ProfileViewModel.swift in Sources */ = {isa = PBXBuildFile; fileRef = F957AA091BB7A02DCDB9C6E3 /* ProfileViewModel.swift */; };
		113A57157EC46A8EA01019AF /* OTPVerifyView.swift in Sources */ = {isa = PBXBuildFile; fileRef = 76E221E250A1CFD21634F165 /* OTPVerifyView.swift */; };
		C6E88059E584D497D5024B43 /* PhoneInputView.swift in Sources */ = {isa = PBXBuildFile; fileRef = 460B00464525E3BC35844905 /* PhoneInputView.swift */; };
		3948A62087B3998547F1D9E5 /* RegisterView.swift in Sources */ = {isa = PBXBuildFile; fileRef = F8E054615BB1963C89E352FA /* RegisterView.swift */; };
		B64CFA09D74FB4B2A17F1C2B /* CartView.swift in Sources */ = {isa = PBXBuildFile; fileRef = 2B93F1136079899948652EC7 /* CartView.swift */; };
		92AD37A9106013F7374C08E1 /* CheckoutView.swift in Sources */ = {isa = PBXBuildFile; fileRef = 8C302F800F464ADC5C8FB5B6 /* CheckoutView.swift */; };
		E60F9BA06F78FC92EDE66E47 /* ContentView.swift in Sources */ = {isa = PBXBuildFile; fileRef = 41C152B1A8FD778C9D2BD8C9 /* ContentView.swift */; };
		C1EFD17F7B425D284E5CEE56 /* HomeSkeletonView.swift in Sources */ = {isa = PBXBuildFile; fileRef = 938697E55164D3EEABF9C92A /* HomeSkeletonView.swift */; };
		E61387B7CD7C443EAB0B5B77 /* HomeView.swift in Sources */ = {isa = PBXBuildFile; fileRef = DD2331262B64127202F34250 /* HomeView.swift */; };
		CD4ABF69140230AB3D20FD21 /* AddressSearchView.swift in Sources */ = {isa = PBXBuildFile; fileRef = 698A48ABD81B3F875A973A17 /* AddressSearchView.swift */; };
		F1B1AD71862423094EF5B8D1 /* LocationFlowView.swift in Sources */ = {isa = PBXBuildFile; fileRef = 02EE61B1B005DD0891CB7195 /* LocationFlowView.swift */; };
		756772C4BC52BC0E37E60E81 /* LocationMapView.swift in Sources */ = {isa = PBXBuildFile; fileRef = D3BF8FAAA381DA89CA129FD8 /* LocationMapView.swift */; };
		479FCE8AEBF37A512890CD68 /* LocationPermissionView.swift in Sources */ = {isa = PBXBuildFile; fileRef = 67D7DCFFA35F417936A5F6E2 /* LocationPermissionView.swift */; };
		87DB5E47915799B7E944BB55 /* MainTabView.swift in Sources */ = {isa = PBXBuildFile; fileRef = 1432FF46B6A1D9A00C467913 /* MainTabView.swift */; };
		CBA2137338010AFB7E186A7F /* MenuView.swift in Sources */ = {isa = PBXBuildFile; fileRef = B42915F11E9BE253DCE947D2 /* MenuView.swift */; };
		C672A69DAF23288062DA72A5 /* ProductCardView.swift in Sources */ = {isa = PBXBuildFile; fileRef = C0465A4296FABB77A8F3FC0D /* ProductCardView.swift */; };
		D3403283273F37F86F1E0A3B /* ProductDetailView.swift in Sources */ = {isa = PBXBuildFile; fileRef = 72BA4C6FA93B4EA89D664849 /* ProductDetailView.swift */; };
		ED92B5F8BF469E37A16B2899 /* IntroView.swift in Sources */ = {isa = PBXBuildFile; fileRef = 44CD2F56404667AE8CD2524D /* IntroView.swift */; };
		E33E7E3DE6314FC3E5362D19 /* OrderConfirmationView.swift in Sources */ = {isa = PBXBuildFile; fileRef = 54BDF7F0029126263ED71B58 /* OrderConfirmationView.swift */; };
		6BDCB1F7B0193C75BE9CF8A9 /* OrderDetailView.swift in Sources */ = {isa = PBXBuildFile; fileRef = A86E3F1844996A3714C6D110 /* OrderDetailView.swift */; };
		2E0FDB824CDE5E9BB0BECBC7 /* OrderHistoryView.swift in Sources */ = {isa = PBXBuildFile; fileRef = 626920F2D42F3B726C4596FE /* OrderHistoryView.swift */; };
		C3FDACD0424499F5714AB3D7 /* OrderTrackingView.swift in Sources */ = {isa = PBXBuildFile; fileRef = F558F4086BA69337AD9F199D /* OrderTrackingView.swift */; };
		ADF5F413AC35C523C9271BE5 /* PaymentView.swift in Sources */ = {isa = PBXBuildFile; fileRef = FCABAE7FF073A15248FA6BCF /* PaymentView.swift */; };
		32B8D8814BF4F1048D0786F8 /* EditProfileView.swift in Sources */ = {isa = PBXBuildFile; fileRef = CA8C920021640E3EBBDF4E34 /* EditProfileView.swift */; };
		18DB61539E342217D751CECB /* ProfileView.swift in Sources */ = {isa = PBXBuildFile; fileRef = 4906DA0B67854FE4380E8D89 /* ProfileView.swift */; };
		C9BDAFD6AA859FAA6D9698E0 /* RateOrderView.swift in Sources */ = {isa = PBXBuildFile; fileRef = C89DF2E6E615AA143F5C8F3D /* RateOrderView.swift */; };
		D6E2B2D7A5631C9AC708F3C1 /* BerhotLogoView.swift in Sources */ = {isa = PBXBuildFile; fileRef = 668E5C790F7388E9E5C6D225 /* BerhotLogoView.swift */; };
		3C133BA9FCE5914F3783961D /* CachedAsyncImage.swift in Sources */ = {isa = PBXBuildFile; fileRef = 836858DC94A7F59BFC928727 /* CachedAsyncImage.swift */; };
		EB86CD775418C0816BE6F8C6 /* EmptyStateView.swift in Sources */ = {isa = PBXBuildFile; fileRef = C32B43634EF8C19C944AF9BE /* EmptyStateView.swift */; };
		9E3A2CCE9BD0ECD61BDF94FB /* ErrorView.swift in Sources */ = {isa = PBXBuildFile; fileRef = 76428772AD31B72A1E653036 /* ErrorView.swift */; };
		29DC0FFD2ACDE8BFD533558A /* LoadingView.swift in Sources */ = {isa = PBXBuildFile; fileRef = 156E308FB78D658156AAB425 /* LoadingView.swift */; };
		BC7A9DEEDA6373966C23D02B /* ShimmerEffect.swift in Sources */ = {isa = PBXBuildFile; fileRef = 84181BA89DEAE9D6443043D3 /* ShimmerEffect.swift */; };
		7FD1CAAFD63B63ADE1BEFB30 /* StatusBadge.swift in Sources */ = {isa = PBXBuildFile; fileRef = 797A2F54DC2EEA840A28DA6A /* StatusBadge.swift */; };
		8875112C0BBF57B4D1A26581 /* Assets.xcassets in Resources */ = {isa = PBXBuildFile; fileRef = B20B5D4D9095A21774F4105A /* Assets.xcassets */; };
/* End PBXBuildFile section */

/* Begin PBXFileReference section */
		7120A4BB9D72F0A812D42D7A /* BerhotCafeApp.swift */ = {isa = PBXFileReference; lastKnownFileType = sourcecode.swift; path = "BerhotCafeApp.swift"; sourceTree = "<group>"; };
		19F95E7A0584950F395FEEF7 /* AppConfig.swift */ = {isa = PBXFileReference; lastKnownFileType = sourcecode.swift; path = "AppConfig.swift"; sourceTree = "<group>"; };
		3F8A6F96CB89C4461128E2D0 /* Color+Brand.swift */ = {isa = PBXFileReference; lastKnownFileType = sourcecode.swift; path = "Color+Brand.swift"; sourceTree = "<group>"; };
		D56C02331C8765E9EBBA98E1 /* Date+Formatting.swift */ = {isa = PBXFileReference; lastKnownFileType = sourcecode.swift; path = "Date+Formatting.swift"; sourceTree = "<group>"; };
		B51361B6829A24AD762F9291 /* Decimal+Currency.swift */ = {isa = PBXFileReference; lastKnownFileType = sourcecode.swift; path = "Decimal+Currency.swift"; sourceTree = "<group>"; };
		BF56E355846AF5BBE7C68955 /* AuthManager.swift */ = {isa = PBXFileReference; lastKnownFileType = sourcecode.swift; path = "AuthManager.swift"; sourceTree = "<group>"; };
		C01C5E76C97377AB38043D73 /* CartManager.swift */ = {isa = PBXFileReference; lastKnownFileType = sourcecode.swift; path = "CartManager.swift"; sourceTree = "<group>"; };
		09D933272BC73806D2BA1671 /* LocationManager.swift */ = {isa = PBXFileReference; lastKnownFileType = sourcecode.swift; path = "LocationManager.swift"; sourceTree = "<group>"; };
		2C244CCF02573C2FFB2C26B2 /* AuthResponse.swift */ = {isa = PBXFileReference; lastKnownFileType = sourcecode.swift; path = "AuthResponse.swift"; sourceTree = "<group>"; };
		128A2914DDC395634B0786DF /* CartItem.swift */ = {isa = PBXFileReference; lastKnownFileType = sourcecode.swift; path = "CartItem.swift"; sourceTree = "<group>"; };
		9306D9EECCB4434BB0D555F2 /* Category.swift */ = {isa = PBXFileReference; lastKnownFileType = sourcecode.swift; path = "Category.swift"; sourceTree = "<group>"; };
		ABFEA942A7926E204F1892E6 /* Modifier.swift */ = {isa = PBXFileReference; lastKnownFileType = sourcecode.swift; path = "Modifier.swift"; sourceTree = "<group>"; };
		E00358620586395B826B6605 /* Order.swift */ = {isa = PBXFileReference; lastKnownFileType = sourcecode.swift; path = "Order.swift"; sourceTree = "<group>"; };
		11AAA24FE5EFA833E1BBD26D /* Payment.swift */ = {isa = PBXFileReference; lastKnownFileType = sourcecode.swift; path = "Payment.swift"; sourceTree = "<group>"; };
		E259C3E24E4EF6392183BE96 /* Product.swift */ = {isa = PBXFileReference; lastKnownFileType = sourcecode.swift; path = "Product.swift"; sourceTree = "<group>"; };
		ACB53486AEEF51CC9E4AB003 /* Review.swift */ = {isa = PBXFileReference; lastKnownFileType = sourcecode.swift; path = "Review.swift"; sourceTree = "<group>"; };
		2018CC3437D66DC27E40778E /* Store.swift */ = {isa = PBXFileReference; lastKnownFileType = sourcecode.swift; path = "Store.swift"; sourceTree = "<group>"; };
		0BD37A55BD50BAA0D4308C70 /* User.swift */ = {isa = PBXFileReference; lastKnownFileType = sourcecode.swift; path = "User.swift"; sourceTree = "<group>"; };
		C59FFCCA139C4697C8D64B82 /* APIClient.swift */ = {isa = PBXFileReference; lastKnownFileType = sourcecode.swift; path = "APIClient.swift"; sourceTree = "<group>"; };
		C596E48379E27008DD3698BD /* AuthService.swift */ = {isa = PBXFileReference; lastKnownFileType = sourcecode.swift; path = "AuthService.swift"; sourceTree = "<group>"; };
		80E82A92057D6102B5025CD8 /* ModifierService.swift */ = {isa = PBXFileReference; lastKnownFileType = sourcecode.swift; path = "ModifierService.swift"; sourceTree = "<group>"; };
		EA54B5851B67C4DE0B9BFD5A /* OrderService.swift */ = {isa = PBXFileReference; lastKnownFileType = sourcecode.swift; path = "OrderService.swift"; sourceTree = "<group>"; };
		828244B76A02FECC6113EA17 /* PaymentService.swift */ = {isa = PBXFileReference; lastKnownFileType = sourcecode.swift; path = "PaymentService.swift"; sourceTree = "<group>"; };
		5AA4D447DE9144A918D54372 /* ProductService.swift */ = {isa = PBXFileReference; lastKnownFileType = sourcecode.swift; path = "ProductService.swift"; sourceTree = "<group>"; };
		0584FC333FC6CB0311C7C06D /* ReviewService.swift */ = {isa = PBXFileReference; lastKnownFileType = sourcecode.swift; path = "ReviewService.swift"; sourceTree = "<group>"; };
		3F0807B6CA321B6B498F8D2B /* StoreService.swift */ = {isa = PBXFileReference; lastKnownFileType = sourcecode.swift; path = "StoreService.swift"; sourceTree = "<group>"; };
		E31A706A2D5DD3A7E2FED705 /* UserService.swift */ = {isa = PBXFileReference; lastKnownFileType = sourcecode.swift; path = "UserService.swift"; sourceTree = "<group>"; };
		F61493CE9A25699DD55794A7 /* KeychainHelper.swift */ = {isa = PBXFileReference; lastKnownFileType = sourcecode.swift; path = "KeychainHelper.swift"; sourceTree = "<group>"; };
		6D87A9F97AF01D20885094A5 /* AuthViewModel.swift */ = {isa = PBXFileReference; lastKnownFileType = sourcecode.swift; path = "AuthViewModel.swift"; sourceTree = "<group>"; };
		6C6C93A26F2AA0EED80E3260 /* CartViewModel.swift */ = {isa = PBXFileReference; lastKnownFileType = sourcecode.swift; path = "CartViewModel.swift"; sourceTree = "<group>"; };
		AB84DA9B71BA757361B67686 /* MenuViewModel.swift */ = {isa = PBXFileReference; lastKnownFileType = sourcecode.swift; path = "MenuViewModel.swift"; sourceTree = "<group>"; };
		59F6291D85FACE95054A51FB /* OrderDetailViewModel.swift */ = {isa = PBXFileReference; lastKnownFileType = sourcecode.swift; path = "OrderDetailViewModel.swift"; sourceTree = "<group>"; };
		F415E88D240F8905BC4EDF88 /* OrderHistoryViewModel.swift */ = {isa = PBXFileReference; lastKnownFileType = sourcecode.swift; path = "OrderHistoryViewModel.swift"; sourceTree = "<group>"; };
		F957AA091BB7A02DCDB9C6E3 /* ProfileViewModel.swift */ = {isa = PBXFileReference; lastKnownFileType = sourcecode.swift; path = "ProfileViewModel.swift"; sourceTree = "<group>"; };
		76E221E250A1CFD21634F165 /* OTPVerifyView.swift */ = {isa = PBXFileReference; lastKnownFileType = sourcecode.swift; path = "OTPVerifyView.swift"; sourceTree = "<group>"; };
		460B00464525E3BC35844905 /* PhoneInputView.swift */ = {isa = PBXFileReference; lastKnownFileType = sourcecode.swift; path = "PhoneInputView.swift"; sourceTree = "<group>"; };
		F8E054615BB1963C89E352FA /* RegisterView.swift */ = {isa = PBXFileReference; lastKnownFileType = sourcecode.swift; path = "RegisterView.swift"; sourceTree = "<group>"; };
		2B93F1136079899948652EC7 /* CartView.swift */ = {isa = PBXFileReference; lastKnownFileType = sourcecode.swift; path = "CartView.swift"; sourceTree = "<group>"; };
		8C302F800F464ADC5C8FB5B6 /* CheckoutView.swift */ = {isa = PBXFileReference; lastKnownFileType = sourcecode.swift; path = "CheckoutView.swift"; sourceTree = "<group>"; };
		41C152B1A8FD778C9D2BD8C9 /* ContentView.swift */ = {isa = PBXFileReference; lastKnownFileType = sourcecode.swift; path = "ContentView.swift"; sourceTree = "<group>"; };
		938697E55164D3EEABF9C92A /* HomeSkeletonView.swift */ = {isa = PBXFileReference; lastKnownFileType = sourcecode.swift; path = "HomeSkeletonView.swift"; sourceTree = "<group>"; };
		DD2331262B64127202F34250 /* HomeView.swift */ = {isa = PBXFileReference; lastKnownFileType = sourcecode.swift; path = "HomeView.swift"; sourceTree = "<group>"; };
		698A48ABD81B3F875A973A17 /* AddressSearchView.swift */ = {isa = PBXFileReference; lastKnownFileType = sourcecode.swift; path = "AddressSearchView.swift"; sourceTree = "<group>"; };
		02EE61B1B005DD0891CB7195 /* LocationFlowView.swift */ = {isa = PBXFileReference; lastKnownFileType = sourcecode.swift; path = "LocationFlowView.swift"; sourceTree = "<group>"; };
		D3BF8FAAA381DA89CA129FD8 /* LocationMapView.swift */ = {isa = PBXFileReference; lastKnownFileType = sourcecode.swift; path = "LocationMapView.swift"; sourceTree = "<group>"; };
		67D7DCFFA35F417936A5F6E2 /* LocationPermissionView.swift */ = {isa = PBXFileReference; lastKnownFileType = sourcecode.swift; path = "LocationPermissionView.swift"; sourceTree = "<group>"; };
		1432FF46B6A1D9A00C467913 /* MainTabView.swift */ = {isa = PBXFileReference; lastKnownFileType = sourcecode.swift; path = "MainTabView.swift"; sourceTree = "<group>"; };
		B42915F11E9BE253DCE947D2 /* MenuView.swift */ = {isa = PBXFileReference; lastKnownFileType = sourcecode.swift; path = "MenuView.swift"; sourceTree = "<group>"; };
		C0465A4296FABB77A8F3FC0D /* ProductCardView.swift */ = {isa = PBXFileReference; lastKnownFileType = sourcecode.swift; path = "ProductCardView.swift"; sourceTree = "<group>"; };
		72BA4C6FA93B4EA89D664849 /* ProductDetailView.swift */ = {isa = PBXFileReference; lastKnownFileType = sourcecode.swift; path = "ProductDetailView.swift"; sourceTree = "<group>"; };
		44CD2F56404667AE8CD2524D /* IntroView.swift */ = {isa = PBXFileReference; lastKnownFileType = sourcecode.swift; path = "IntroView.swift"; sourceTree = "<group>"; };
		54BDF7F0029126263ED71B58 /* OrderConfirmationView.swift */ = {isa = PBXFileReference; lastKnownFileType = sourcecode.swift; path = "OrderConfirmationView.swift"; sourceTree = "<group>"; };
		A86E3F1844996A3714C6D110 /* OrderDetailView.swift */ = {isa = PBXFileReference; lastKnownFileType = sourcecode.swift; path = "OrderDetailView.swift"; sourceTree = "<group>"; };
		626920F2D42F3B726C4596FE /* OrderHistoryView.swift */ = {isa = PBXFileReference; lastKnownFileType = sourcecode.swift; path = "OrderHistoryView.swift"; sourceTree = "<group>"; };
		F558F4086BA69337AD9F199D /* OrderTrackingView.swift */ = {isa = PBXFileReference; lastKnownFileType = sourcecode.swift; path = "OrderTrackingView.swift"; sourceTree = "<group>"; };
		FCABAE7FF073A15248FA6BCF /* PaymentView.swift */ = {isa = PBXFileReference; lastKnownFileType = sourcecode.swift; path = "PaymentView.swift"; sourceTree = "<group>"; };
		CA8C920021640E3EBBDF4E34 /* EditProfileView.swift */ = {isa = PBXFileReference; lastKnownFileType = sourcecode.swift; path = "EditProfileView.swift"; sourceTree = "<group>"; };
		4906DA0B67854FE4380E8D89 /* ProfileView.swift */ = {isa = PBXFileReference; lastKnownFileType = sourcecode.swift; path = "ProfileView.swift"; sourceTree = "<group>"; };
		C89DF2E6E615AA143F5C8F3D /* RateOrderView.swift */ = {isa = PBXFileReference; lastKnownFileType = sourcecode.swift; path = "RateOrderView.swift"; sourceTree = "<group>"; };
		668E5C790F7388E9E5C6D225 /* BerhotLogoView.swift */ = {isa = PBXFileReference; lastKnownFileType = sourcecode.swift; path = "BerhotLogoView.swift"; sourceTree = "<group>"; };
		836858DC94A7F59BFC928727 /* CachedAsyncImage.swift */ = {isa = PBXFileReference; lastKnownFileType = sourcecode.swift; path = "CachedAsyncImage.swift"; sourceTree = "<group>"; };
		C32B43634EF8C19C944AF9BE /* EmptyStateView.swift */ = {isa = PBXFileReference; lastKnownFileType = sourcecode.swift; path = "EmptyStateView.swift"; sourceTree = "<group>"; };
		76428772AD31B72A1E653036 /* ErrorView.swift */ = {isa = PBXFileReference; lastKnownFileType = sourcecode.swift; path = "ErrorView.swift"; sourceTree = "<group>"; };
		156E308FB78D658156AAB425 /* LoadingView.swift */ = {isa = PBXFileReference; lastKnownFileType = sourcecode.swift; path = "LoadingView.swift"; sourceTree = "<group>"; };
		84181BA89DEAE9D6443043D3 /* ShimmerEffect.swift */ = {isa = PBXFileReference; lastKnownFileType = sourcecode.swift; path = "ShimmerEffect.swift"; sourceTree = "<group>"; };
		797A2F54DC2EEA840A28DA6A /* StatusBadge.swift */ = {isa = PBXFileReference; lastKnownFileType = sourcecode.swift; path = "StatusBadge.swift"; sourceTree = "<group>"; };
		71CCD365E3A654DA84DBA191 /* BerhotCafe.app */ = {isa = PBXFileReference; explicitFileType = wrapper.application; includeInIndex = 0; path = "BerhotCafe.app"; sourceTree = BUILT_PRODUCTS_DIR; };
		B20B5D4D9095A21774F4105A /* Assets.xcassets */ = {isa = PBXFileReference; lastKnownFileType = folder.assetcatalog; path = "Assets.xcassets"; sourceTree = "<group>"; };
/* End PBXFileReference section */

/* Begin PBXFrameworksBuildPhase section */
		7C4103E5C601799D6B5E8B56 /* Frameworks */ = {
			isa = PBXFrameworksBuildPhase;
			buildActionMask = 2147483647;
			files = (
			);
			runOnlyForDeploymentPostprocessing = 0;
		};
/* End PBXFrameworksBuildPhase section */

/* Begin PBXGroup section */
		8D3FC6DB5D0827F168A73277 = {
			isa = PBXGroup;
			children = (
				BB02FE6C4678B79B215868AF /* BerhotCafe */,
				1BADDC1D73C1A20F347483E1 /* Products */,
			);
			sourceTree = "<group>";
		};
		1BADDC1D73C1A20F347483E1 /* Products */ = {
			isa = PBXGroup;
			children = (
				71CCD365E3A654DA84DBA191 /* BerhotCafe.app */,
			);
			name = Products;
			sourceTree = "<group>";
		};
		BB02FE6C4678B79B215868AF /* BerhotCafe */ = {
			isa = PBXGroup;
			children = (
				B20B5D4D9095A21774F4105A /* Assets.xcassets */,
				7120A4BB9D72F0A812D42D7A /* BerhotCafeApp.swift */,
				9F325DAB2C6F4F7D22440C8B /* Config */,
				3136E6F1DF677A1E5E9176FE /* Extensions */,
				EB4B6F4FE4E80A9986631A31 /* Managers */,
				9CF43B31E8845D861542A38E /* Models */,
				564EAF51B7DD4639ADD9B985 /* Services */,
				94EC979C78A1C9E483FAC308 /* Utilities */,
				420CEB417186B52ECF642348 /* ViewModels */,
				C454586A1F4E28C340BDC1AD /* Views */,
			);
			path = BerhotCafe;
			sourceTree = "<group>";
		};
		9F325DAB2C6F4F7D22440C8B /* Config */ = {
			isa = PBXGroup;
			children = (
				19F95E7A0584950F395FEEF7 /* AppConfig.swift */,
			);
			path = "Config";
			sourceTree = "<group>";
		};
		3136E6F1DF677A1E5E9176FE /* Extensions */ = {
			isa = PBXGroup;
			children = (
				3F8A6F96CB89C4461128E2D0 /* Color+Brand.swift */,
				D56C02331C8765E9EBBA98E1 /* Date+Formatting.swift */,
				B51361B6829A24AD762F9291 /* Decimal+Currency.swift */,
			);
			path = "Extensions";
			sourceTree = "<group>";
		};
		EB4B6F4FE4E80A9986631A31 /* Managers */ = {
			isa = PBXGroup;
			children = (
				BF56E355846AF5BBE7C68955 /* AuthManager.swift */,
				C01C5E76C97377AB38043D73 /* CartManager.swift */,
				09D933272BC73806D2BA1671 /* LocationManager.swift */,
			);
			path = "Managers";
			sourceTree = "<group>";
		};
		9CF43B31E8845D861542A38E /* Models */ = {
			isa = PBXGroup;
			children = (
				2C244CCF02573C2FFB2C26B2 /* AuthResponse.swift */,
				128A2914DDC395634B0786DF /* CartItem.swift */,
				9306D9EECCB4434BB0D555F2 /* Category.swift */,
				ABFEA942A7926E204F1892E6 /* Modifier.swift */,
				E00358620586395B826B6605 /* Order.swift */,
				11AAA24FE5EFA833E1BBD26D /* Payment.swift */,
				E259C3E24E4EF6392183BE96 /* Product.swift */,
				ACB53486AEEF51CC9E4AB003 /* Review.swift */,
				2018CC3437D66DC27E40778E /* Store.swift */,
				0BD37A55BD50BAA0D4308C70 /* User.swift */,
			);
			path = "Models";
			sourceTree = "<group>";
		};
		564EAF51B7DD4639ADD9B985 /* Services */ = {
			isa = PBXGroup;
			children = (
				C59FFCCA139C4697C8D64B82 /* APIClient.swift */,
				C596E48379E27008DD3698BD /* AuthService.swift */,
				80E82A92057D6102B5025CD8 /* ModifierService.swift */,
				EA54B5851B67C4DE0B9BFD5A /* OrderService.swift */,
				828244B76A02FECC6113EA17 /* PaymentService.swift */,
				5AA4D447DE9144A918D54372 /* ProductService.swift */,
				0584FC333FC6CB0311C7C06D /* ReviewService.swift */,
				3F0807B6CA321B6B498F8D2B /* StoreService.swift */,
				E31A706A2D5DD3A7E2FED705 /* UserService.swift */,
			);
			path = "Services";
			sourceTree = "<group>";
		};
		94EC979C78A1C9E483FAC308 /* Utilities */ = {
			isa = PBXGroup;
			children = (
				F61493CE9A25699DD55794A7 /* KeychainHelper.swift */,
			);
			path = "Utilities";
			sourceTree = "<group>";
		};
		420CEB417186B52ECF642348 /* ViewModels */ = {
			isa = PBXGroup;
			children = (
				6D87A9F97AF01D20885094A5 /* AuthViewModel.swift */,
				6C6C93A26F2AA0EED80E3260 /* CartViewModel.swift */,
				AB84DA9B71BA757361B67686 /* MenuViewModel.swift */,
				59F6291D85FACE95054A51FB /* OrderDetailViewModel.swift */,
				F415E88D240F8905BC4EDF88 /* OrderHistoryViewModel.swift */,
				F957AA091BB7A02DCDB9C6E3 /* ProfileViewModel.swift */,
			);
			path = "ViewModels";
			sourceTree = "<group>";
		};
		C454586A1F4E28C340BDC1AD /* Views */ = {
			isa = PBXGroup;
			children = (
				8E19D48118B238C9A77645CA /* Auth */,
				F37BB7D1964090F84E012F31 /* Cart */,
				41C152B1A8FD778C9D2BD8C9 /* ContentView.swift */,
				8F794125860253AC5D8DC549 /* Home */,
				288D4224109C7B79310D27CC /* Location */,
				1432FF46B6A1D9A00C467913 /* MainTabView.swift */,
				9D12FCC658184BA802F0AE6B /* Menu */,
				7D47197A2AA59BAC1CC62CEB /* Onboarding */,
				0151C68F0ED468E49C44DDA8 /* Orders */,
				C529F83949CE5E66993974AC /* Payment */,
				A2A25AA19F975D2D05988323 /* Profile */,
				CBE47BD59751A7163015CA41 /* Reviews */,
				92D8F2723984F896E2913583 /* Shared */,
			);
			path = "Views";
			sourceTree = "<group>";
		};
		8E19D48118B238C9A77645CA /* Auth */ = {
			isa = PBXGroup;
			children = (
				76E221E250A1CFD21634F165 /* OTPVerifyView.swift */,
				460B00464525E3BC35844905 /* PhoneInputView.swift */,
				F8E054615BB1963C89E352FA /* RegisterView.swift */,
			);
			path = "Auth";
			sourceTree = "<group>";
		};
		F37BB7D1964090F84E012F31 /* Cart */ = {
			isa = PBXGroup;
			children = (
				2B93F1136079899948652EC7 /* CartView.swift */,
				8C302F800F464ADC5C8FB5B6 /* CheckoutView.swift */,
			);
			path = "Cart";
			sourceTree = "<group>";
		};
		8F794125860253AC5D8DC549 /* Home */ = {
			isa = PBXGroup;
			children = (
				938697E55164D3EEABF9C92A /* HomeSkeletonView.swift */,
				DD2331262B64127202F34250 /* HomeView.swift */,
			);
			path = "Home";
			sourceTree = "<group>";
		};
		288D4224109C7B79310D27CC /* Location */ = {
			isa = PBXGroup;
			children = (
				698A48ABD81B3F875A973A17 /* AddressSearchView.swift */,
				02EE61B1B005DD0891CB7195 /* LocationFlowView.swift */,
				D3BF8FAAA381DA89CA129FD8 /* LocationMapView.swift */,
				67D7DCFFA35F417936A5F6E2 /* LocationPermissionView.swift */,
			);
			path = "Location";
			sourceTree = "<group>";
		};
		9D12FCC658184BA802F0AE6B /* Menu */ = {
			isa = PBXGroup;
			children = (
				B42915F11E9BE253DCE947D2 /* MenuView.swift */,
				C0465A4296FABB77A8F3FC0D /* ProductCardView.swift */,
				72BA4C6FA93B4EA89D664849 /* ProductDetailView.swift */,
			);
			path = "Menu";
			sourceTree = "<group>";
		};
		7D47197A2AA59BAC1CC62CEB /* Onboarding */ = {
			isa = PBXGroup;
			children = (
				44CD2F56404667AE8CD2524D /* IntroView.swift */,
			);
			path = "Onboarding";
			sourceTree = "<group>";
		};
		0151C68F0ED468E49C44DDA8 /* Orders */ = {
			isa = PBXGroup;
			children = (
				54BDF7F0029126263ED71B58 /* OrderConfirmationView.swift */,
				A86E3F1844996A3714C6D110 /* OrderDetailView.swift */,
				626920F2D42F3B726C4596FE /* OrderHistoryView.swift */,
				F558F4086BA69337AD9F199D /* OrderTrackingView.swift */,
			);
			path = "Orders";
			sourceTree = "<group>";
		};
		C529F83949CE5E66993974AC /* Payment */ = {
			isa = PBXGroup;
			children = (
				FCABAE7FF073A15248FA6BCF /* PaymentView.swift */,
			);
			path = "Payment";
			sourceTree = "<group>";
		};
		A2A25AA19F975D2D05988323 /* Profile */ = {
			isa = PBXGroup;
			children = (
				CA8C920021640E3EBBDF4E34 /* EditProfileView.swift */,
				4906DA0B67854FE4380E8D89 /* ProfileView.swift */,
			);
			path = "Profile";
			sourceTree = "<group>";
		};
		CBE47BD59751A7163015CA41 /* Reviews */ = {
			isa = PBXGroup;
			children = (
				C89DF2E6E615AA143F5C8F3D /* RateOrderView.swift */,
			);
			path = "Reviews";
			sourceTree = "<group>";
		};
		92D8F2723984F896E2913583 /* Shared */ = {
			isa = PBXGroup;
			children = (
				668E5C790F7388E9E5C6D225 /* BerhotLogoView.swift */,
				836858DC94A7F59BFC928727 /* CachedAsyncImage.swift */,
				C32B43634EF8C19C944AF9BE /* EmptyStateView.swift */,
				76428772AD31B72A1E653036 /* ErrorView.swift */,
				156E308FB78D658156AAB425 /* LoadingView.swift */,
				84181BA89DEAE9D6443043D3 /* ShimmerEffect.swift */,
				797A2F54DC2EEA840A28DA6A /* StatusBadge.swift */,
			);
			path = "Shared";
			sourceTree = "<group>";
		};
/* End PBXGroup section */

/* Begin PBXNativeTarget section */
		42AEFBAE01D2DFD981F7DA7D /* BerhotCafe */ = {
			isa = PBXNativeTarget;
			buildConfigurationList = EAF116FE40D68E4ABB26094B /* Build configuration list for PBXNativeTarget */;
			buildPhases = (
				968211187A59104962DB187E /* Sources */,
				7C4103E5C601799D6B5E8B56 /* Frameworks */,
				EB7E7F82D9708EE6205A034C /* Resources */,
			);
			buildRules = (
			);
			dependencies = (
			);
			name = BerhotCafe;
			productName = BerhotCafe;
			productReference = 71CCD365E3A654DA84DBA191 /* BerhotCafe.app */;
			productType = "com.apple.product-type.application";
		};
/* End PBXNativeTarget section */

/* Begin PBXProject section */
		46F86FAA6BBF9AC94A7E4595 /* Project object */ = {
			isa = PBXProject;
			attributes = {
				BuildIndependentTargetsInParallel = 1;
				LastSwiftUpdateCheck = 1620;
				LastUpgradeCheck = 1620;
			};
			buildConfigurationList = 56283EBD6DD86A56CED63937 /* Build configuration list for PBXProject */;
			compatibilityVersion = "Xcode 14.0";
			developmentRegion = en;
			hasScannedForEncodings = 0;
			knownRegions = (
				en,
				ar,
			);
			mainGroup = 8D3FC6DB5D0827F168A73277;
			productRefGroup = 1BADDC1D73C1A20F347483E1 /* Products */;
			projectDirPath = "";
			projectRoot = "";
			targets = (
				42AEFBAE01D2DFD981F7DA7D /* BerhotCafe */,
			);
		};
/* End PBXProject section */

/* Begin PBXResourcesBuildPhase section */
		EB7E7F82D9708EE6205A034C /* Resources */ = {
			isa = PBXResourcesBuildPhase;
			buildActionMask = 2147483647;
			files = (
				8875112C0BBF57B4D1A26581 /* Assets.xcassets in Resources */,
			);
			runOnlyForDeploymentPostprocessing = 0;
		};
/* End PBXResourcesBuildPhase section */

/* Begin PBXSourcesBuildPhase section */
		968211187A59104962DB187E /* Sources */ = {
			isa = PBXSourcesBuildPhase;
			buildActionMask = 2147483647;
			files = (
				049CC5812D7AEDB681497363 /* BerhotCafeApp.swift in Sources */,
				66C97C293B5710CF4337D2C7 /* AppConfig.swift in Sources */,
				708B82FF5CCA1E701B6BDB8A /* Color+Brand.swift in Sources */,
				8EF5B48E287B223C9CEF56CE /* Date+Formatting.swift in Sources */,
				9AD631C7C41C85EED6A2C6C2 /* Decimal+Currency.swift in Sources */,
				F6C4E90115075302704A2E49 /* AuthManager.swift in Sources */,
				6EBE3C9867738E170179D96B /* CartManager.swift in Sources */,
				F6246C46371EBFC65F48ECD3 /* LocationManager.swift in Sources */,
				643FEE1D7953D1452F8B4438 /* AuthResponse.swift in Sources */,
				DDF687C3332B9DB36DACF070 /* CartItem.swift in Sources */,
				F7F376E94E03C8CAEE80FACB /* Category.swift in Sources */,
				63A48E08727E32260A25BD1E /* Modifier.swift in Sources */,
				795D6F9044583344576A23A0 /* Order.swift in Sources */,
				46F7F3E5DD1B8C2E92AC9664 /* Payment.swift in Sources */,
				5461B0DC1615D05FA01ABA6D /* Product.swift in Sources */,
				B78FAF1E57B7A0420A573C5F /* Review.swift in Sources */,
				F525AB613F4BC576E5095EFB /* Store.swift in Sources */,
				3AEF2BB9924F8FB21F56750C /* User.swift in Sources */,
				1CEA595B4C43C46542716515 /* APIClient.swift in Sources */,
				1E729474EBA062A8F407711C /* AuthService.swift in Sources */,
				11D0A46DF41CCAF0E5F6A53D /* ModifierService.swift in Sources */,
				D869F3F48B7A3C933D4D046E /* OrderService.swift in Sources */,
				F70FF0FB41AED23F6D33666E /* PaymentService.swift in Sources */,
				11E80D1577BC2C8B37747A9E /* ProductService.swift in Sources */,
				6EDB49824164439C8189D1B3 /* ReviewService.swift in Sources */,
				69A1DF7A1DCE28AD680FD0EE /* StoreService.swift in Sources */,
				3B4606645C91BE9C413502F3 /* UserService.swift in Sources */,
				214C3EF5D682EE4738E231E4 /* KeychainHelper.swift in Sources */,
				EB60C02B099791DDB6423F76 /* AuthViewModel.swift in Sources */,
				D9BC22828883404AFF664B3B /* CartViewModel.swift in Sources */,
				1E57538D65154C34FE4D01E5 /* MenuViewModel.swift in Sources */,
				48F15E96A2B54C8383605AE1 /* OrderDetailViewModel.swift in Sources */,
				61708B7FA558506AC165E8C7 /* OrderHistoryViewModel.swift in Sources */,
				F4C83BC4E7E245C82F8BFFFD /* ProfileViewModel.swift in Sources */,
				113A57157EC46A8EA01019AF /* OTPVerifyView.swift in Sources */,
				C6E88059E584D497D5024B43 /* PhoneInputView.swift in Sources */,
				3948A62087B3998547F1D9E5 /* RegisterView.swift in Sources */,
				B64CFA09D74FB4B2A17F1C2B /* CartView.swift in Sources */,
				92AD37A9106013F7374C08E1 /* CheckoutView.swift in Sources */,
				E60F9BA06F78FC92EDE66E47 /* ContentView.swift in Sources */,
				C1EFD17F7B425D284E5CEE56 /* HomeSkeletonView.swift in Sources */,
				E61387B7CD7C443EAB0B5B77 /* HomeView.swift in Sources */,
				CD4ABF69140230AB3D20FD21 /* AddressSearchView.swift in Sources */,
				F1B1AD71862423094EF5B8D1 /* LocationFlowView.swift in Sources */,
				756772C4BC52BC0E37E60E81 /* LocationMapView.swift in Sources */,
				479FCE8AEBF37A512890CD68 /* LocationPermissionView.swift in Sources */,
				87DB5E47915799B7E944BB55 /* MainTabView.swift in Sources */,
				CBA2137338010AFB7E186A7F /* MenuView.swift in Sources */,
				C672A69DAF23288062DA72A5 /* ProductCardView.swift in Sources */,
				D3403283273F37F86F1E0A3B /* ProductDetailView.swift in Sources */,
				ED92B5F8BF469E37A16B2899 /* IntroView.swift in Sources */,
				E33E7E3DE6314FC3E5362D19 /* OrderConfirmationView.swift in Sources */,
				6BDCB1F7B0193C75BE9CF8A9 /* OrderDetailView.swift in Sources */,
				2E0FDB824CDE5E9BB0BECBC7 /* OrderHistoryView.swift in Sources */,
				C3FDACD0424499F5714AB3D7 /* OrderTrackingView.swift in Sources */,
				ADF5F413AC35C523C9271BE5 /* PaymentView.swift in Sources */,
				32B8D8814BF4F1048D0786F8 /* EditProfileView.swift in Sources */,
				18DB61539E342217D751CECB /* ProfileView.swift in Sources */,
				C9BDAFD6AA859FAA6D9698E0 /* RateOrderView.swift in Sources */,
				D6E2B2D7A5631C9AC708F3C1 /* BerhotLogoView.swift in Sources */,
				3C133BA9FCE5914F3783961D /* CachedAsyncImage.swift in Sources */,
				EB86CD775418C0816BE6F8C6 /* EmptyStateView.swift in Sources */,
				9E3A2CCE9BD0ECD61BDF94FB /* ErrorView.swift in Sources */,
				29DC0FFD2ACDE8BFD533558A /* LoadingView.swift in Sources */,
				BC7A9DEEDA6373966C23D02B /* ShimmerEffect.swift in Sources */,
				7FD1CAAFD63B63ADE1BEFB30 /* StatusBadge.swift in Sources */,
			);
			runOnlyForDeploymentPostprocessing = 0;
		};
/* End PBXSourcesBuildPhase section */

/* Begin XCBuildConfiguration section */
		AD42F6697B035B7580E4FEF9 /* Debug */ = {
			isa = XCBuildConfiguration;
			buildSettings = {

				ALWAYS_SEARCH_USER_PATHS = NO;
				CLANG_ANALYZER_NONNULL = YES;
				CLANG_CXX_LANGUAGE_STANDARD = "gnu++20";
				CLANG_ENABLE_MODULES = YES;
				CLANG_ENABLE_OBJC_ARC = YES;
				COPY_PHASE_STRIP = NO;
				ENABLE_STRICT_OBJC_MSGSEND = YES;
				GCC_NO_COMMON_BLOCKS = YES;
				IPHONEOS_DEPLOYMENT_TARGET = 16.0;
				MTL_ENABLE_DEBUG_INFO = INCLUDE_SOURCE;
				SDKROOT = iphoneos;
				SWIFT_ACTIVE_COMPILATION_CONDITIONS = "$(inherited)";
				SWIFT_VERSION = 5.0;
				DEBUG_INFORMATION_FORMAT = dwarf;
				ENABLE_TESTABILITY = YES;
				GCC_OPTIMIZATION_LEVEL = 0;
				ONLY_ACTIVE_ARCH = YES;
				SWIFT_OPTIMIZATION_LEVEL = "-Onone";
			};
			name = Debug;
		};
		123FEAD50246387983EE3405 /* Release */ = {
			isa = XCBuildConfiguration;
			buildSettings = {

				ALWAYS_SEARCH_USER_PATHS = NO;
				CLANG_ANALYZER_NONNULL = YES;
				CLANG_CXX_LANGUAGE_STANDARD = "gnu++20";
				CLANG_ENABLE_MODULES = YES;
				CLANG_ENABLE_OBJC_ARC = YES;
				COPY_PHASE_STRIP = NO;
				ENABLE_STRICT_OBJC_MSGSEND = YES;
				GCC_NO_COMMON_BLOCKS = YES;
				IPHONEOS_DEPLOYMENT_TARGET = 16.0;
				MTL_ENABLE_DEBUG_INFO = INCLUDE_SOURCE;
				SDKROOT = iphoneos;
				SWIFT_ACTIVE_COMPILATION_CONDITIONS = "$(inherited)";
				SWIFT_VERSION = 5.0;
				COPY_PHASE_STRIP = YES;
				DEBUG_INFORMATION_FORMAT = "dwarf-with-dsym";
				ENABLE_NS_ASSERTIONS = NO;
				SWIFT_COMPILATION_MODE = wholemodule;
				SWIFT_OPTIMIZATION_LEVEL = "-O";
				VALIDATE_PRODUCT = YES;
			};
			name = Release;
		};
		D8579749783A718541606A67 /* Debug */ = {
			isa = XCBuildConfiguration;
			buildSettings = {

				ASSETCATALOG_COMPILER_APPICON_NAME = AppIcon;
				ASSETCATALOG_COMPILER_GLOBAL_ACCENT_COLOR_NAME = AccentColor;
				CODE_SIGN_STYLE = Automatic;
				CURRENT_PROJECT_VERSION = 1;
				GENERATE_INFOPLIST_FILE = YES;
				INFOPLIST_KEY_CFBundleDisplayName = "Berhot Cafe";
				INFOPLIST_KEY_UIApplicationSceneManifest_Generation = YES;
				INFOPLIST_KEY_UIApplicationSupportsIndirectInputEvents = YES;
				INFOPLIST_KEY_UILaunchScreen_Generation = YES;
				INFOPLIST_KEY_NSLocationWhenInUseUsageDescription = "We need your location to find cafes and shops near you";
				INFOPLIST_KEY_UISupportedInterfaceOrientations_iPhone = "UIInterfaceOrientationPortrait UIInterfaceOrientationLandscapeLeft UIInterfaceOrientationLandscapeRight";
				MARKETING_VERSION = 1.0;
				PRODUCT_BUNDLE_IDENTIFIER = com.berhot.cafe;
				PRODUCT_NAME = "$(TARGET_NAME)";
				SWIFT_EMIT_LOC_STRINGS = YES;
				TARGETED_DEVICE_FAMILY = "1,2";
				SWIFT_ACTIVE_COMPILATION_CONDITIONS = "DEBUG $(inherited)";
			};
			name = Debug;
		};
		553194FECB7E1C4EBBAFB6CE /* Release */ = {
			isa = XCBuildConfiguration;
			buildSettings = {

				ASSETCATALOG_COMPILER_APPICON_NAME = AppIcon;
				ASSETCATALOG_COMPILER_GLOBAL_ACCENT_COLOR_NAME = AccentColor;
				CODE_SIGN_STYLE = Automatic;
				CURRENT_PROJECT_VERSION = 1;
				GENERATE_INFOPLIST_FILE = YES;
				INFOPLIST_KEY_CFBundleDisplayName = "Berhot Cafe";
				INFOPLIST_KEY_UIApplicationSceneManifest_Generation = YES;
				INFOPLIST_KEY_UIApplicationSupportsIndirectInputEvents = YES;
				INFOPLIST_KEY_UILaunchScreen_Generation = YES;
				INFOPLIST_KEY_NSLocationWhenInUseUsageDescription = "We need your location to find cafes and shops near you";
				INFOPLIST_KEY_UISupportedInterfaceOrientations_iPhone = "UIInterfaceOrientationPortrait UIInterfaceOrientationLandscapeLeft UIInterfaceOrientationLandscapeRight";
				MARKETING_VERSION = 1.0;
				PRODUCT_BUNDLE_IDENTIFIER = com.berhot.cafe;
				PRODUCT_NAME = "$(TARGET_NAME)";
				SWIFT_EMIT_LOC_STRINGS = YES;
				TARGETED_DEVICE_FAMILY = "1,2";
			};
			name = Release;
		};
/* End XCBuildConfiguration section */

/* Begin XCConfigurationList section */
		56283EBD6DD86A56CED63937 /* Build configuration list for PBXProject */ = {
			isa = XCConfigurationList;
			buildConfigurations = (
				AD42F6697B035B7580E4FEF9 /* Debug */,
				123FEAD50246387983EE3405 /* Release */,
			);
			defaultConfigurationIsVisible = 0;
			defaultConfigurationName = Release;
		};
		EAF116FE40D68E4ABB26094B /* Build configuration list for PBXNativeTarget */ = {
			isa = XCConfigurationList;
			buildConfigurations = (
				D8579749783A718541606A67 /* Debug */,
				553194FECB7E1C4EBBAFB6CE /* Release */,
			);
			defaultConfigurationIsVisible = 0;
			defaultConfigurationName = Release;
		};
/* End XCConfigurationList section */

	};
	rootObject = 46F86FAA6BBF9AC94A7E4595 /* Project object */;
}
